
Microsoft Visual Studio Solution File, Format Version 12.00
# Visual Studio Version 16
VisualStudioVersion = 16.0.31205.134
MinimumVisualStudioVersion = 10.0.40219.1
Project("{FAE04EC0-301F-11D3-BF4B-00C04F79EFBC}") = "MVCApp", "MVCApp\MVCApp.csproj", "{A3D6EC0A-6E8C-460F-846D-BFA487B6DAF4}"
EndProject
Global
	GlobalSection(SolutionConfigurationPlatforms) = preSolution
		Debug|Any CPU = Debug|Any CPU
		Release|Any CPU = Release|Any CPU
	EndGlobalSection
	GlobalSection(ProjectConfigurationPlatforms) = postSolution
		{A3D6EC0A-6E8C-460F-846D-BFA487B6DAF4}.Debug|Any CPU.ActiveCfg = Debug|Any CPU
		{A3D6EC0A-6E8C-460F-846D-BFA487B6DAF4}.Debug|Any CPU.Build.0 = Debug|Any CPU
		{A3D6EC0A-6E8C-460F-846D-BFA487B6DAF4}.Release|Any CPU.ActiveCfg = Release|Any CPU
		{A3D6EC0A-6E8C-460F-846D-BFA487B6DAF4}.Release|Any CPU.Build.0 = Release|Any CPU
	EndGlobalSection
	GlobalSection(SolutionProperties) = preSolution
		HideSolutionNode = FALSE
	EndGlobalSection
	GlobalSection(ExtensibilityGlobals) = postSolution
		SolutionGuid = {90966A8F-601F-4976-82E0-57B1C2DD7FF7}
	EndGlobalSection
EndGlobal
